
Microsoft Visual Studio Solution File, Format Version 12.00
# Visual Studio Version 17
VisualStudioVersion = 17.13.35931.197 d17.13
MinimumVisualStudioVersion = 10.0.40219.1
Project("{FAE04EC0-301F-11D3-BF4B-00C04F79EFBC}") = "LM.Stats", "LM.Stats.csproj", "{A7320588-321F-41AA-85A4-C391CAAA4107}"
EndProject
Global
	GlobalSection(SolutionConfigurationPlatforms) = preSolution
		Debug|Any CPU = Debug|Any CPU
		Release|Any CPU = Release|Any CPU
	EndGlobalSection
	GlobalSection(ProjectConfigurationPlatforms) = postSolution
		{A7320588-321F-41AA-85A4-C391CAAA4107}.Debug|Any CPU.ActiveCfg = Debug|Any CPU
		{A7320588-321F-41AA-85A4-C391CAAA4107}.Debug|Any CPU.Build.0 = Debug|Any CPU
		{A7320588-321F-41AA-85A4-C391CAAA4107}.Release|Any CPU.ActiveCfg = Release|Any CPU
		{A7320588-321F-41AA-85A4-C391CAAA4107}.Release|Any CPU.Build.0 = Release|Any CPU
	EndGlobalSection
	GlobalSection(SolutionProperties) = preSolution
		HideSolutionNode = FALSE
	EndGlobalSection
	GlobalSection(ExtensibilityGlobals) = postSolution
		SolutionGuid = {1319B878-9007-4534-A419-87A67B85126C}
	EndGlobalSection
EndGlobal
